
Microsoft Visual Studio Solution File, Format Version 12.00
# Visual Studio Version 17
VisualStudioVersion = 17.4.33103.184
MinimumVisualStudioVersion = 10.0.40219.1
Project("{FAE04EC0-301F-11D3-BF4B-00C04F79EFBC}") = "mastek", "mastek\mastek.csproj", "{9EAE2FE1-0DD3-452D-B674-846B46326F06}"
EndProject
Global
	GlobalSection(SolutionConfigurationPlatforms) = preSolution
		Debug|Any CPU = Debug|Any CPU
		Release|Any CPU = Release|Any CPU
	EndGlobalSection
	GlobalSection(ProjectConfigurationPlatforms) = postSolution
		{9EAE2FE1-0DD3-452D-B674-846B46326F06}.Debug|Any CPU.ActiveCfg = Debug|Any CPU
		{9EAE2FE1-0DD3-452D-B674-846B46326F06}.Debug|Any CPU.Build.0 = Debug|Any CPU
		{9EAE2FE1-0DD3-452D-B674-846B46326F06}.Release|Any CPU.ActiveCfg = Release|Any CPU
		{9EAE2FE1-0DD3-452D-B674-846B46326F06}.Release|Any CPU.Build.0 = Release|Any CPU
	EndGlobalSection
	GlobalSection(SolutionProperties) = preSolution
		HideSolutionNode = FALSE
	EndGlobalSection
	GlobalSection(ExtensibilityGlobals) = postSolution
		SolutionGuid = {DFAA48D3-89E2-4BE7-9FF4-EA664639DF18}
	EndGlobalSection
EndGlobal
